{
  "version": 4,
  "terraform_version": "1.15.1",
  "serial": 37,
  "lineage": "e5672687-4c7a-58bc-3e5b-bfbc1a02bdff",
  "outputs": {},
  "resources": [
    {
      "mode": "managed",
      "type": "aws_security_group",
      "name": "amr_sg",
      "provider": "provider[\"registry.terraform.io/hashicorp/aws\"]",
      "instances": [
        {
          "schema_version": 1,
          "attributes": {
            "arn": "arn:aws:ec2:us-east-1:485988342847:security-group/sg-0e6a0ee3580aaa9fe",
            "description": "launch-wizard-1 created 2026-04-06T09:29:41.620Z",
            "egress": [
              {
                "cidr_blocks": [
                  "0.0.0.0/0"
                ],
                "description": "",
                "from_port": 0,
                "ipv6_cidr_blocks": [],
                "prefix_list_ids": [],
                "protocol": "-1",
                "security_groups": [],
                "self": false,
                "to_port": 0
              }
            ],
            "id": "sg-0e6a0ee3580aaa9fe",
            "ingress": [
              {
                "cidr_blocks": [
                  "0.0.0.0/0"
                ],
                "description": "Streamlit UI",
                "from_port": 8501,
                "ipv6_cidr_blocks": [],
                "prefix_list_ids": [],
                "protocol": "tcp",
                "security_groups": [],
                "self": false,
                "to_port": 8501
              },
              {
                "cidr_blocks": [
                  "94.31.74.158/32"
                ],
                "description": "",
                "from_port": 22,
                "ipv6_cidr_blocks": [],
                "prefix_list_ids": [],
                "protocol": "tcp",
                "security_groups": [],
                "self": false,
                "to_port": 22
              }
            ],
            "name": "amr-flow-sg",
            "name_prefix": "",
            "owner_id": "485988342847",
            "region": "us-east-1",
            "revoke_rules_on_delete": null,
            "tags": {},
            "tags_all": {},
            "timeouts": null,
            "vpc_id": "vpc-09de05fd4b99f569b"
          },
          "sensitive_attributes": [],
          "identity_schema_version": 0,
          "identity": {
            "account_id": "485988342847",
            "id": "sg-0e6a0ee3580aaa9fe",
            "region": "us-east-1"
          },
          "private": "eyJlMmJmYjczMC1lY2FhLTExZTYtOGY4OC0zNDM2M2JjN2M0YzAiOnsiY3JlYXRlIjo2MDAwMDAwMDAwMDAsImRlbGV0ZSI6OTAwMDAwMDAwMDAwfSwic2NoZW1hX3ZlcnNpb24iOiIxIn0="
        }
      ]
    }
  ],
  "check_results": null
}
